version: 2.0
shards:
  ameba:
    git: https://github.com/veelenga/ameba.git
    version: 0.14.1

  dotenv:
    git: https://github.com/gdotdesign/cr-dotenv.git
    version: 0.7.0

  exception_page:
    git: https://github.com/crystal-loot/exception_page.git
    version: 0.1.4

  icr:
    git: https://github.com/crystal-community/icr.git
    version: 0.8.0+git.commit.b6b335f40aff4c2c07d21250949935e8259f7d1b

  kemal:
    git: https://github.com/kemalcr/kemal.git
    version: 1.0.0

  kilt:
    git: https://github.com/jeromegn/kilt.git
    version: 0.4.0

  pool:
    git: https://github.com/ysbaddaden/pool.git
    version: 0.2.3

  radix:
    git: https://github.com/luislavena/radix.git
    version: 0.4.1

  readline:
    git: https://github.com/crystal-lang/crystal-readline.git
    version: 0.1.0+git.commit.0fb7d186da8e1b157998d98d1c96e99699b791eb

  redis:
    git: https://github.com/stefanwille/crystal-redis.git
    version: 2.6.0

  spec-kemal:
    git: https://github.com/kemalcr/spec-kemal.git
    version: 0.5.0

